
Microsoft Visual Studio Solution File, Format Version 12.00
# Visual Studio Version 16
VisualStudioVersion = 16.0.29123.88
MinimumVisualStudioVersion = 10.0.40219.1
Project("{FAE04EC0-301F-11D3-BF4B-00C04F79EFBC}") = "cw1", "cw1\cw1.csproj", "{FCBE9379-97A1-44D7-9E0D-826E6F9E18EE}"
EndProject
Global
	GlobalSection(SolutionConfigurationPlatforms) = preSolution
		Debug|Any CPU = Debug|Any CPU
		Release|Any CPU = Release|Any CPU
	EndGlobalSection
	GlobalSection(ProjectConfigurationPlatforms) = postSolution
		{FCBE9379-97A1-44D7-9E0D-826E6F9E18EE}.Debug|Any CPU.ActiveCfg = Debug|Any CPU
		{FCBE9379-97A1-44D7-9E0D-826E6F9E18EE}.Debug|Any CPU.Build.0 = Debug|Any CPU
		{FCBE9379-97A1-44D7-9E0D-826E6F9E18EE}.Release|Any CPU.ActiveCfg = Release|Any CPU
		{FCBE9379-97A1-44D7-9E0D-826E6F9E18EE}.Release|Any CPU.Build.0 = Release|Any CPU
	EndGlobalSection
	GlobalSection(SolutionProperties) = preSolution
		HideSolutionNode = FALSE
	EndGlobalSection
	GlobalSection(ExtensibilityGlobals) = postSolution
		SolutionGuid = {DE028F8F-4F92-476A-A6AD-3A2AA8BF2082}
	EndGlobalSection
EndGlobal
